
Microsoft Visual Studio Solution File, Format Version 12.00
# Visual Studio Version 16
VisualStudioVersion = 16.0.32413.511
MinimumVisualStudioVersion = 10.0.40219.1
Project("{FAE04EC0-301F-11D3-BF4B-00C04F79EFBC}") = "MTest", "MTest\MTest.csproj", "{5A38A2E5-F2E0-41CD-8874-72DBAE8833F7}"
EndProject
Global
	GlobalSection(SolutionConfigurationPlatforms) = preSolution
		Debug|Any CPU = Debug|Any CPU
		Release|Any CPU = Release|Any CPU
	EndGlobalSection
	GlobalSection(ProjectConfigurationPlatforms) = postSolution
		{5A38A2E5-F2E0-41CD-8874-72DBAE8833F7}.Debug|Any CPU.ActiveCfg = Debug|Any CPU
		{5A38A2E5-F2E0-41CD-8874-72DBAE8833F7}.Debug|Any CPU.Build.0 = Debug|Any CPU
		{5A38A2E5-F2E0-41CD-8874-72DBAE8833F7}.Release|Any CPU.ActiveCfg = Release|Any CPU
		{5A38A2E5-F2E0-41CD-8874-72DBAE8833F7}.Release|Any CPU.Build.0 = Release|Any CPU
	EndGlobalSection
	GlobalSection(SolutionProperties) = preSolution
		HideSolutionNode = FALSE
	EndGlobalSection
	GlobalSection(ExtensibilityGlobals) = postSolution
		SolutionGuid = {29EDBB08-AFC5-4204-A581-272750EA4561}
	EndGlobalSection
EndGlobal
